
Microsoft Visual Studio Solution File, Format Version 12.00
# Visual Studio 15
VisualStudioVersion = 15.0.27004.2002
MinimumVisualStudioVersion = 10.0.40219.1
Project("{2150E333-8FDC-42A3-9474-1A3956D46DE8}") = "SolutionItems", "SolutionItems", "{FFE65C57-3578-4AE6-97E5-017B37CB8C43}"
	ProjectSection(SolutionItems) = preProject
		.editorconfig = .editorconfig
		common.json = common.json
		common.sml = common.sml
		..\README.md = ..\README.md
	EndProjectSection
EndProject
Project("{2150E333-8FDC-42A3-9474-1A3956D46DE8}") = "test", "test", "{FAD98FDD-C067-49AD-8F22-4ADBBFC07F51}"
EndProject
Project("{2150E333-8FDC-42A3-9474-1A3956D46DE8}") = "src", "src", "{DEDBFC13-57A3-4AFF-9751-02AFCDF0D6F1}"
EndProject
Project("{9A19103F-16F7-4668-BE54-9A1E7A4F7556}") = "Secs4Net", "src\Secs4Net\Secs4Net.csproj", "{639D6297-8648-4BB4-9712-D547978110CC}"
EndProject
Project("{9A19103F-16F7-4668-BE54-9A1E7A4F7556}") = "Secs4Net.Sml", "src\Secs4Net.Sml\Secs4Net.Sml.csproj", "{FD05C1C7-40D2-4C47-8A6F-CA8F4107AD77}"
EndProject
Project("{9A19103F-16F7-4668-BE54-9A1E7A4F7556}") = "Secs4Net.Json", "src\Secs4Net.Json\Secs4Net.Json.csproj", "{25899DB0-55E0-4A15-99EE-7467D6E70D10}"
EndProject
Project("{2150E333-8FDC-42A3-9474-1A3956D46DE8}") = "samples", "samples", "{5D43B4A9-C730-48B2-A443-BC312455B43B}"
EndProject
Project("{9A19103F-16F7-4668-BE54-9A1E7A4F7556}") = "Demo", "samples\Demo\Demo.csproj", "{38A3680D-83AD-497D-A5A8-6542326BC56C}"
EndProject
Project("{FAE04EC0-301F-11D3-BF4B-00C04F79EFBC}") = "Sml.Tests", "test\Sml.Tests\Sml.Tests.csproj", "{216878FF-9723-49B3-AA64-1965CD0C41CF}"
EndProject
Global
	GlobalSection(SolutionConfigurationPlatforms) = preSolution
		Debug|Any CPU = Debug|Any CPU
		Release|Any CPU = Release|Any CPU
	EndGlobalSection
	GlobalSection(ProjectConfigurationPlatforms) = postSolution
		{639D6297-8648-4BB4-9712-D547978110CC}.Debug|Any CPU.ActiveCfg = Debug|Any CPU
		{639D6297-8648-4BB4-9712-D547978110CC}.Debug|Any CPU.Build.0 = Debug|Any CPU
		{639D6297-8648-4BB4-9712-D547978110CC}.Release|Any CPU.ActiveCfg = Release|Any CPU
		{639D6297-8648-4BB4-9712-D547978110CC}.Release|Any CPU.Build.0 = Release|Any CPU
		{FD05C1C7-40D2-4C47-8A6F-CA8F4107AD77}.Debug|Any CPU.ActiveCfg = Debug|Any CPU
		{FD05C1C7-40D2-4C47-8A6F-CA8F4107AD77}.Debug|Any CPU.Build.0 = Debug|Any CPU
		{FD05C1C7-40D2-4C47-8A6F-CA8F4107AD77}.Release|Any CPU.ActiveCfg = Release|Any CPU
		{FD05C1C7-40D2-4C47-8A6F-CA8F4107AD77}.Release|Any CPU.Build.0 = Release|Any CPU
		{25899DB0-55E0-4A15-99EE-7467D6E70D10}.Debug|Any CPU.ActiveCfg = Debug|Any CPU
		{25899DB0-55E0-4A15-99EE-7467D6E70D10}.Debug|Any CPU.Build.0 = Debug|Any CPU
		{25899DB0-55E0-4A15-99EE-7467D6E70D10}.Release|Any CPU.ActiveCfg = Release|Any CPU
		{25899DB0-55E0-4A15-99EE-7467D6E70D10}.Release|Any CPU.Build.0 = Release|Any CPU
		{38A3680D-83AD-497D-A5A8-6542326BC56C}.Debug|Any CPU.ActiveCfg = Debug|Any CPU
		{38A3680D-83AD-497D-A5A8-6542326BC56C}.Debug|Any CPU.Build.0 = Debug|Any CPU
		{38A3680D-83AD-497D-A5A8-6542326BC56C}.Release|Any CPU.ActiveCfg = Release|Any CPU
		{38A3680D-83AD-497D-A5A8-6542326BC56C}.Release|Any CPU.Build.0 = Release|Any CPU
		{216878FF-9723-49B3-AA64-1965CD0C41CF}.Debug|Any CPU.ActiveCfg = Debug|Any CPU
		{216878FF-9723-49B3-AA64-1965CD0C41CF}.Debug|Any CPU.Build.0 = Debug|Any CPU
		{216878FF-9723-49B3-AA64-1965CD0C41CF}.Release|Any CPU.ActiveCfg = Release|Any CPU
		{216878FF-9723-49B3-AA64-1965CD0C41CF}.Release|Any CPU.Build.0 = Release|Any CPU
	EndGlobalSection
	GlobalSection(SolutionProperties) = preSolution
		HideSolutionNode = FALSE
	EndGlobalSection
	GlobalSection(NestedProjects) = preSolution
		{639D6297-8648-4BB4-9712-D547978110CC} = {DEDBFC13-57A3-4AFF-9751-02AFCDF0D6F1}
		{FD05C1C7-40D2-4C47-8A6F-CA8F4107AD77} = {DEDBFC13-57A3-4AFF-9751-02AFCDF0D6F1}
		{25899DB0-55E0-4A15-99EE-7467D6E70D10} = {DEDBFC13-57A3-4AFF-9751-02AFCDF0D6F1}
		{38A3680D-83AD-497D-A5A8-6542326BC56C} = {5D43B4A9-C730-48B2-A443-BC312455B43B}
		{216878FF-9723-49B3-AA64-1965CD0C41CF} = {FAD98FDD-C067-49AD-8F22-4ADBBFC07F51}
	EndGlobalSection
	GlobalSection(ExtensibilityGlobals) = postSolution
		SolutionGuid = {6D65953E-CAC2-4CC3-AD7F-1385F33D7C21}
	EndGlobalSection
EndGlobal
